// !$*UTF8*$!
{
	archiveVersion = 1;
	classes = {
	};
	objectVersion = 56;
	objects = {

/* Begin PBXBuildFile section */
		35319FF184B4F34AE2AB35DE /* Pods_midTerm2.framework in Frameworks */ = {isa = PBXBuildFile; fileRef = BEA55FA90C89ABE1ACCF9456 /* Pods_midTerm2.framework */; };
		AB1167DA29C6742C00B99610 /* AppDelegate.swift in Sources */ = {isa = PBXBuildFile; fileRef = AB1167D929C6742C00B99610 /* AppDelegate.swift */; };
		AB1167DC29C6742C00B99610 /* SceneDelegate.swift in Sources */ = {isa = PBXBuildFile; fileRef = AB1167DB29C6742C00B99610 /* SceneDelegate.swift */; };
		AB1167DE29C6742C00B99610 /* ViewController.swift in Sources */ = {isa = PBXBuildFile; fileRef = AB1167DD29C6742C00B99610 /* ViewController.swift */; };
		AB1167E129C6742C00B99610 /* Main.storyboard in Resources */ = {isa = PBXBuildFile; fileRef = AB1167DF29C6742C00B99610 /* Main.storyboard */; };
		AB1167E329C6742E00B99610 /* Assets.xcassets in Resources */ = {isa = PBXBuildFile; fileRef = AB1167E229C6742E00B99610 /* Assets.xcassets */; };
		AB1167E629C6742E00B99610 /* LaunchScreen.storyboard in Resources */ = {isa = PBXBuildFile; fileRef = AB1167E429C6742E00B99610 /* LaunchScreen.storyboard */; };
		AB1167EF29C6765900B99610 /* Constants.swift in Sources */ = {isa = PBXBuildFile; fileRef = AB1167EE29C6765900B99610 /* Constants.swift */; };
/* End PBXBuildFile section */

/* Begin PBXFileReference section */
		AB1167D629C6742C00B99610 /* midTerm2.app */ = {isa = PBXFileReference; explicitFileType = wrapper.application; includeInIndex = 0; path = midTerm2.app; sourceTree = BUILT_PRODUCTS_DIR; };
		AB1167D929C6742C00B99610 /* AppDelegate.swift */ = {isa = PBXFileReference; lastKnownFileType = sourcecode.swift; path = AppDelegate.swift; sourceTree = "<group>"; };
		AB1167DB29C6742C00B99610 /* SceneDelegate.swift */ = {isa = PBXFileReference; lastKnownFileType = sourcecode.swift; path = SceneDelegate.swift; sourceTree = "<group>"; };
		AB1167DD29C6742C00B99610 /* ViewController.swift */ = {isa = PBXFileReference; lastKnownFileType = sourcecode.swift; path = ViewController.swift; sourceTree = "<group>"; };
		AB1167E029C6742C00B99610 /* Base */ = {isa = PBXFileReference; lastKnownFileType = file.storyboard; name = Base; path = Base.lproj/Main.storyboard; sourceTree = "<group>"; };
		AB1167E229C6742E00B99610 /* Assets.xcassets */ = {isa = PBXFileReference; lastKnownFileType = folder.assetcatalog; path = Assets.xcassets; sourceTree = "<group>"; };
		AB1167E529C6742E00B99610 /* Base */ = {isa = PBXFileReference; lastKnownFileType = file.storyboard; name = Base; path = Base.lproj/LaunchScreen.storyboard; sourceTree = "<group>"; };
		AB1167E729C6742E00B99610 /* Info.plist */ = {isa = PBXFileReference; lastKnownFileType = text.plist.xml; path = Info.plist; sourceTree = "<group>"; };
		AB1167EE29C6765900B99610 /* Constants.swift */ = {isa = PBXFileReference; lastKnownFileType = sourcecode.swift; path = Constants.swift; sourceTree = "<group>"; };
		BEA55FA90C89ABE1ACCF9456 /* Pods_midTerm2.framework */ = {isa = PBXFileReference; explicitFileType = wrapper.framework; includeInIndex = 0; path = Pods_midTerm2.framework; sourceTree = BUILT_PRODUCTS_DIR; };
		F21CB4AFBC6F891B32E0A981 /* Pods-midTerm2.debug.xcconfig */ = {isa = PBXFileReference; includeInIndex = 1; lastKnownFileType = text.xcconfig; name = "Pods-midTerm2.debug.xcconfig"; path = "Target Support Files/Pods-midTerm2/Pods-midTerm2.debug.xcconfig"; sourceTree = "<group>"; };
		F5663CCD3DAF3732133EBE60 /* Pods-midTerm2.release.xcconfig */ = {isa = PBXFileReference; includeInIndex = 1; lastKnownFileType = text.xcconfig; name = "Pods-midTerm2.release.xcconfig"; path = "Target Support Files/Pods-midTerm2/Pods-midTerm2.release.xcconfig"; sourceTree = "<group>"; };
/* End PBXFileReference section */

/* Begin PBXFrameworksBuildPhase section */
		AB1167D329C6742C00B99610 /* Frameworks */ = {
			isa = PBXFrameworksBuildPhase;
			buildActionMask = 2147483647;
			files = (
				35319FF184B4F34AE2AB35DE /* Pods_midTerm2.framework in Frameworks */,
			);
			runOnlyForDeploymentPostprocessing = 0;
		};
/* End PBXFrameworksBuildPhase section */

/* Begin PBXGroup section */
		005CAE7902EEC8081DAA51DC /* Pods */ = {
			isa = PBXGroup;
			children = (
				F21CB4AFBC6F891B32E0A981 /* Pods-midTerm2.debug.xcconfig */,
				F5663CCD3DAF3732133EBE60 /* Pods-midTerm2.release.xcconfig */,
			);
			name = Pods;
			path = Pods;
			sourceTree = "<group>";
		};
		6EEC96A35BBB11DC77706141 /* Frameworks */ = {
			isa = PBXGroup;
			children = (
				BEA55FA90C89ABE1ACCF9456 /* Pods_midTerm2.framework */,
			);
			name = Frameworks;
			sourceTree = "<group>";
		};
		AB1167CD29C6742C00B99610 = {
			isa = PBXGroup;
			children = (
				AB1167D829C6742C00B99610 /* midTerm2 */,
				AB1167D729C6742C00B99610 /* Products */,
				005CAE7902EEC8081DAA51DC /* Pods */,
				6EEC96A35BBB11DC77706141 /* Frameworks */,
			);
			sourceTree = "<group>";
		};
		AB1167D729C6742C00B99610 /* Products */ = {
			isa = PBXGroup;
			children = (
				AB1167D629C6742C00B99610 /* midTerm2.app */,
			);
			name = Products;
			sourceTree = "<group>";
		};
		AB1167D829C6742C00B99610 /* midTerm2 */ = {
			isa = PBXGroup;
			children = (
				AB1167ED29C6764800B99610 /* Utils */,
				AB1167D929C6742C00B99610 /* AppDelegate.swift */,
				AB1167DB29C6742C00B99610 /* SceneDelegate.swift */,
				AB1167DD29C6742C00B99610 /* ViewController.swift */,
				AB1167DF29C6742C00B99610 /* Main.storyboard */,
				AB1167E229C6742E00B99610 /* Assets.xcassets */,
				AB1167E429C6742E00B99610 /* LaunchScreen.storyboard */,
				AB1167E729C6742E00B99610 /* Info.plist */,
			);
			path = midTerm2;
			sourceTree = "<group>";
		};
		AB1167ED29C6764800B99610 /* Utils */ = {
			isa = PBXGroup;
			children = (
				AB1167EE29C6765900B99610 /* Constants.swift */,
			);
			path = Utils;
			sourceTree = "<group>";
		};
/* End PBXGroup section */

/* Begin PBXNativeTarget section */
		AB1167D529C6742C00B99610 /* midTerm2 */ = {
			isa = PBXNativeTarget;
			buildConfigurationList = AB1167EA29C6742E00B99610 /* Build configuration list for PBXNativeTarget "midTerm2" */;
			buildPhases = (
				E328A6E096B618D2641F7320 /* [CP] Check Pods Manifest.lock */,
				AB1167D229C6742C00B99610 /* Sources */,
				AB1167D329C6742C00B99610 /* Frameworks */,
				AB1167D429C6742C00B99610 /* Resources */,
				EA0AB654127FCC6F32972B52 /* [CP] Embed Pods Frameworks */,
			);
			buildRules = (
			);
			dependencies = (
			);
			name = midTerm2;
			productName = midTerm2;
			productReference = AB1167D629C6742C00B99610 /* midTerm2.app */;
			productType = "com.apple.product-type.application";
		};
/* End PBXNativeTarget section */

/* Begin PBXProject section */
		AB1167CE29C6742C00B99610 /* Project object */ = {
			isa = PBXProject;
			attributes = {
				BuildIndependentTargetsInParallel = 1;
				LastSwiftUpdateCheck = 1420;
				LastUpgradeCheck = 1420;
				TargetAttributes = {
					AB1167D529C6742C00B99610 = {
						CreatedOnToolsVersion = 14.2;
					};
				};
			};
			buildConfigurationList = AB1167D129C6742C00B99610 /* Build configuration list for PBXProject "midTerm2" */;
			compatibilityVersion = "Xcode 14.0";
			developmentRegion = en;
			hasScannedForEncodings = 0;
			knownRegions = (
				en,
				Base,
			);
			mainGroup = AB1167CD29C6742C00B99610;
			productRefGroup = AB1167D729C6742C00B99610 /* Products */;
			projectDirPath = "";
			projectRoot = "";
			targets = (
				AB1167D529C6742C00B99610 /* midTerm2 */,
			);
		};
/* End PBXProject section */

/* Begin PBXResourcesBuildPhase section */
		AB1167D429C6742C00B99610 /* Resources */ = {
			isa = PBXResourcesBuildPhase;
			buildActionMask = 2147483647;
			files = (
				AB1167E629C6742E00B99610 /* LaunchScreen.storyboard in Resources */,
				AB1167E329C6742E00B99610 /* Assets.xcassets in Resources */,
				AB1167E129C6742C00B99610 /* Main.storyboard in Resources */,
			);
			runOnlyForDeploymentPostprocessing = 0;
		};
/* End PBXResourcesBuildPhase section */

/* Begin PBXShellScriptBuildPhase section */
		E328A6E096B618D2641F7320 /* [CP] Check Pods Manifest.lock */ = {
			isa = PBXShellScriptBuildPhase;
			buildActionMask = 2147483647;
			files = (
			);
			inputFileListPaths = (
			);
			inputPaths = (
				"${PODS_PODFILE_DIR_PATH}/Podfile.lock",
				"${PODS_ROOT}/Manifest.lock",
			);
			name = "[CP] Check Pods Manifest.lock";
			outputFileListPaths = (
			);
			outputPaths = (
				"$(DERIVED_FILE_DIR)/Pods-midTerm2-checkManifestLockResult.txt",
			);
			runOnlyForDeploymentPostprocessing = 0;
			shellPath = /bin/sh;
			shellScript = "diff \"${PODS_PODFILE_DIR_PATH}/Podfile.lock\" \"${PODS_ROOT}/Manifest.lock\" > /dev/null\nif [ $? != 0 ] ; then\n    # print error to STDERR\n    echo \"error: The sandbox is not in sync with the Podfile.lock. Run 'pod install' or update your CocoaPods installation.\" >&2\n    exit 1\nfi\n# This output is used by Xcode 'outputs' to avoid re-running this script phase.\necho \"SUCCESS\" > \"${SCRIPT_OUTPUT_FILE_0}\"\n";
			showEnvVarsInLog = 0;
		};
		EA0AB654127FCC6F32972B52 /* [CP] Embed Pods Frameworks */ = {
			isa = PBXShellScriptBuildPhase;
			buildActionMask = 2147483647;
			files = (
			);
			inputFileListPaths = (
				"${PODS_ROOT}/Target Support Files/Pods-midTerm2/Pods-midTerm2-frameworks-${CONFIGURATION}-input-files.xcfilelist",
			);
			name = "[CP] Embed Pods Frameworks";
			outputFileListPaths = (
				"${PODS_ROOT}/Target Support Files/Pods-midTerm2/Pods-midTerm2-frameworks-${CONFIGURATION}-output-files.xcfilelist",
			);
			runOnlyForDeploymentPostprocessing = 0;
			shellPath = /bin/sh;
			shellScript = "\"${PODS_ROOT}/Target Support Files/Pods-midTerm2/Pods-midTerm2-frameworks.sh\"\n";
			showEnvVarsInLog = 0;
		};
/* End PBXShellScriptBuildPhase section */

/* Begin PBXSourcesBuildPhase section */
		AB1167D229C6742C00B99610 /* Sources */ = {
			isa = PBXSourcesBuildPhase;
			buildActionMask = 2147483647;
			files = (
				AB1167DE29C6742C00B99610 /* ViewController.swift in Sources */,
				AB1167DA29C6742C00B99610 /* AppDelegate.swift in Sources */,
				AB1167DC29C6742C00B99610 /* SceneDelegate.swift in Sources */,
				AB1167EF29C6765900B99610 /* Constants.swift in Sources */,
			);
			runOnlyForDeploymentPostprocessing = 0;
		};
/* End PBXSourcesBuildPhase section */

/* Begin PBXVariantGroup section */
		AB1167DF29C6742C00B99610 /* Main.storyboard */ = {
			isa = PBXVariantGroup;
			children = (
				AB1167E029C6742C00B99610 /* Base */,
			);
			name = Main.storyboard;
			sourceTree = "<group>";
		};
		AB1167E429C6742E00B99610 /* LaunchScreen.storyboard */ = {
			isa = PBXVariantGroup;
			children = (
				AB1167E529C6742E00B99610 /* Base */,
			);
			name = LaunchScreen.storyboard;
			sourceTree = "<group>";
		};
/* End PBXVariantGroup section */

/* Begin XCBuildConfiguration section */
		AB1167E829C6742E00B99610 /* Debug */ = {
			isa = XCBuildConfiguration;
			buildSettings = {
				ALWAYS_SEARCH_USER_PATHS = NO;
				CLANG_ANALYZER_NONNULL = YES;
				CLANG_ANALYZER_NUMBER_OBJECT_CONVERSION = YES_AGGRESSIVE;
				CLANG_CXX_LANGUAGE_STANDARD = "gnu++20";
				CLANG_ENABLE_MODULES = YES;
				CLANG_ENABLE_OBJC_ARC = YES;
				CLANG_ENABLE_OBJC_WEAK = YES;
				CLANG_WARN_BLOCK_CAPTURE_AUTORELEASING = YES;
				CLANG_WARN_BOOL_CONVERSION = YES;
				CLANG_WARN_COMMA = YES;
				CLANG_WARN_CONSTANT_CONVERSION = YES;
				CLANG_WARN_DEPRECATED_OBJC_IMPLEMENTATIONS = YES;
				CLANG_WARN_DIRECT_OBJC_ISA_USAGE = YES_ERROR;
				CLANG_WARN_DOCUMENTATION_COMMENTS = YES;
				CLANG_WARN_EMPTY_BODY = YES;
				CLANG_WARN_ENUM_CONVERSION = YES;
				CLANG_WARN_INFINITE_RECURSION = YES;
				CLANG_WARN_INT_CONVERSION = YES;
				CLANG_WARN_NON_LITERAL_NULL_CONVERSION = YES;
				CLANG_WARN_OBJC_IMPLICIT_RETAIN_SELF = YES;
				CLANG_WARN_OBJC_LITERAL_CONVERSION = YES;
				CLANG_WARN_OBJC_ROOT_CLASS = YES_ERROR;
				CLANG_WARN_QUOTED_INCLUDE_IN_FRAMEWORK_HEADER = YES;
				CLANG_WARN_RANGE_LOOP_ANALYSIS = YES;
				CLANG_WARN_STRICT_PROTOTYPES = YES;
				CLANG_WARN_SUSPICIOUS_MOVE = YES;
				CLANG_WARN_UNGUARDED_AVAILABILITY = YES_AGGRESSIVE;
				CLANG_WARN_UNREACHABLE_CODE = YES;
				CLANG_WARN__DUPLICATE_METHOD_MATCH = YES;
				COPY_PHASE_STRIP = NO;
				DEBUG_INFORMATION_FORMAT = dwarf;
				ENABLE_STRICT_OBJC_MSGSEND = YES;
				ENABLE_TESTABILITY = YES;
				GCC_C_LANGUAGE_STANDARD = gnu11;
				GCC_DYNAMIC_NO_PIC = NO;
				GCC_NO_COMMON_BLOCKS = YES;
				GCC_OPTIMIZATION_LEVEL = 0;
				GCC_PREPROCESSOR_DEFINITIONS = (
					"DEBUG=1",
					"$(inherited)",
				);
				GCC_WARN_64_TO_32_BIT_CONVERSION = YES;
				GCC_WARN_ABOUT_RETURN_TYPE = YES_ERROR;
				GCC_WARN_UNDECLARED_SELECTOR = YES;
				GCC_WARN_UNINITIALIZED_AUTOS = YES_AGGRESSIVE;
				GCC_WARN_UNUSED_FUNCTION = YES;
				GCC_WARN_UNUSED_VARIABLE = YES;
				IPHONEOS_DEPLOYMENT_TARGET = 16.2;
				MTL_ENABLE_DEBUG_INFO = INCLUDE_SOURCE;
				MTL_FAST_MATH = YES;
				ONLY_ACTIVE_ARCH = YES;
				SDKROOT = iphoneos;
				SWIFT_ACTIVE_COMPILATION_CONDITIONS = DEBUG;
				SWIFT_OPTIMIZATION_LEVEL = "-Onone";
			};
			name = Debug;
		};
		AB1167E929C6742E00B99610 /* Release */ = {
			isa = XCBuildConfiguration;
			buildSettings = {
				ALWAYS_SEARCH_USER_PATHS = NO;
				CLANG_ANALYZER_NONNULL = YES;
				CLANG_ANALYZER_NUMBER_OBJECT_CONVERSION = YES_AGGRESSIVE;
				CLANG_CXX_LANGUAGE_STANDARD = "gnu++20";
				CLANG_ENABLE_MODULES = YES;
				CLANG_ENABLE_OBJC_ARC = YES;
				CLANG_ENABLE_OBJC_WEAK = YES;
				CLANG_WARN_BLOCK_CAPTURE_AUTORELEASING = YES;
				CLANG_WARN_BOOL_CONVERSION = YES;
				CLANG_WARN_COMMA = YES;
				CLANG_WARN_CONSTANT_CONVERSION = YES;
				CLANG_WARN_DEPRECATED_OBJC_IMPLEMENTATIONS = YES;
				CLANG_WARN_DIRECT_OBJC_ISA_USAGE = YES_ERROR;
				CLANG_WARN_DOCUMENTATION_COMMENTS = YES;
				CLANG_WARN_EMPTY_BODY = YES;
				CLANG_WARN_ENUM_CONVERSION = YES;
				CLANG_WARN_INFINITE_RECURSION = YES;
				CLANG_WARN_INT_CONVERSION = YES;
				CLANG_WARN_NON_LITERAL_NULL_CONVERSION = YES;
				CLANG_WARN_OBJC_IMPLICIT_RETAIN_SELF = YES;
				CLANG_WARN_OBJC_LITERAL_CONVERSION = YES;
				CLANG_WARN_OBJC_ROOT_CLASS = YES_ERROR;
				CLANG_WARN_QUOTED_INCLUDE_IN_FRAMEWORK_HEADER = YES;
				CLANG_WARN_RANGE_LOOP_ANALYSIS = YES;
				CLANG_WARN_STRICT_PROTOTYPES = YES;
				CLANG_WARN_SUSPICIOUS_MOVE = YES;
				CLANG_WARN_UNGUARDED_AVAILABILITY = YES_AGGRESSIVE;
				CLANG_WARN_UNREACHABLE_CODE = YES;
				CLANG_WARN__DUPLICATE_METHOD_MATCH = YES;
				COPY_PHASE_STRIP = NO;
				DEBUG_INFORMATION_FORMAT = "dwarf-with-dsym";
				ENABLE_NS_ASSERTIONS = NO;
				ENABLE_STRICT_OBJC_MSGSEND = YES;
				GCC_C_LANGUAGE_STANDARD = gnu11;
				GCC_NO_COMMON_BLOCKS = YES;
				GCC_WARN_64_TO_32_BIT_CONVERSION = YES;
				GCC_WARN_ABOUT_RETURN_TYPE = YES_ERROR;
				GCC_WARN_UNDECLARED_SELECTOR = YES;
				GCC_WARN_UNINITIALIZED_AUTOS = YES_AGGRESSIVE;
				GCC_WARN_UNUSED_FUNCTION = YES;
				GCC_WARN_UNUSED_VARIABLE = YES;
				IPHONEOS_DEPLOYMENT_TARGET = 16.2;
				MTL_ENABLE_DEBUG_INFO = NO;
				MTL_FAST_MATH = YES;
				SDKROOT = iphoneos;
				SWIFT_COMPILATION_MODE = wholemodule;
				SWIFT_OPTIMIZATION_LEVEL = "-O";
				VALIDATE_PRODUCT = YES;
			};
			name = Release;
		};
		AB1167EB29C6742E00B99610 /* Debug */ = {
			isa = XCBuildConfiguration;
			baseConfigurationReference = F21CB4AFBC6F891B32E0A981 /* Pods-midTerm2.debug.xcconfig */;
			buildSettings = {
				ASSETCATALOG_COMPILER_APPICON_NAME = AppIcon;
				ASSETCATALOG_COMPILER_GLOBAL_ACCENT_COLOR_NAME = AccentColor;
				CODE_SIGN_STYLE = Automatic;
				CURRENT_PROJECT_VERSION = 1;
				DEVELOPMENT_TEAM = QS2XV8D4K8;
				GENERATE_INFOPLIST_FILE = YES;
				INFOPLIST_FILE = midTerm2/Info.plist;
				INFOPLIST_KEY_UIApplicationSupportsIndirectInputEvents = YES;
				INFOPLIST_KEY_UILaunchStoryboardName = LaunchScreen;
				INFOPLIST_KEY_UIMainStoryboardFile = Main;
				INFOPLIST_KEY_UISupportedInterfaceOrientations_iPad = "UIInterfaceOrientationPortrait UIInterfaceOrientationPortraitUpsideDown UIInterfaceOrientationLandscapeLeft UIInterfaceOrientationLandscapeRight";
				INFOPLIST_KEY_UISupportedInterfaceOrientations_iPhone = "UIInterfaceOrientationPortrait UIInterfaceOrientationLandscapeLeft UIInterfaceOrientationLandscapeRight";
				LD_RUNPATH_SEARCH_PATHS = (
					"$(inherited)",
					"@executable_path/Frameworks",
				);
				MARKETING_VERSION = 1.0;
				PRODUCT_BUNDLE_IDENTIFIER = edu.northeastern.yi.midTerm2;
				PRODUCT_NAME = "$(TARGET_NAME)";
				SWIFT_EMIT_LOC_STRINGS = YES;
				SWIFT_VERSION = 5.0;
				TARGETED_DEVICE_FAMILY = "1,2";
			};
			name = Debug;
		};
		AB1167EC29C6742E00B99610 /* Release */ = {
			isa = XCBuildConfiguration;
			baseConfigurationReference = F5663CCD3DAF3732133EBE60 /* Pods-midTerm2.release.xcconfig */;
			buildSettings = {
				ASSETCATALOG_COMPILER_APPICON_NAME = AppIcon;
				ASSETCATALOG_COMPILER_GLOBAL_ACCENT_COLOR_NAME = AccentColor;
				CODE_SIGN_STYLE = Automatic;
				CURRENT_PROJECT_VERSION = 1;
				DEVELOPMENT_TEAM = QS2XV8D4K8;
				GENERATE_INFOPLIST_FILE = YES;
				INFOPLIST_FILE = midTerm2/Info.plist;
				INFOPLIST_KEY_UIApplicationSupportsIndirectInputEvents = YES;
				INFOPLIST_KEY_UILaunchStoryboardName = LaunchScreen;
				INFOPLIST_KEY_UIMainStoryboardFile = Main;
				INFOPLIST_KEY_UISupportedInterfaceOrientations_iPad = "UIInterfaceOrientationPortrait UIInterfaceOrientationPortraitUpsideDown UIInterfaceOrientationLandscapeLeft UIInterfaceOrientationLandscapeRight";
				INFOPLIST_KEY_UISupportedInterfaceOrientations_iPhone = "UIInterfaceOrientationPortrait UIInterfaceOrientationLandscapeLeft UIInterfaceOrientationLandscapeRight";
				LD_RUNPATH_SEARCH_PATHS = (
					"$(inherited)",
					"@executable_path/Frameworks",
				);
				MARKETING_VERSION = 1.0;
				PRODUCT_BUNDLE_IDENTIFIER = edu.northeastern.yi.midTerm2;
				PRODUCT_NAME = "$(TARGET_NAME)";
				SWIFT_EMIT_LOC_STRINGS = YES;
				SWIFT_VERSION = 5.0;
				TARGETED_DEVICE_FAMILY = "1,2";
			};
			name = Release;
		};
/* End XCBuildConfiguration section */

/* Begin XCConfigurationList section */
		AB1167D129C6742C00B99610 /* Build configuration list for PBXProject "midTerm2" */ = {
			isa = XCConfigurationList;
			buildConfigurations = (
				AB1167E829C6742E00B99610 /* Debug */,
				AB1167E929C6742E00B99610 /* Release */,
			);
			defaultConfigurationIsVisible = 0;
			defaultConfigurationName = Release;
		};
		AB1167EA29C6742E00B99610 /* Build configuration list for PBXNativeTarget "midTerm2" */ = {
			isa = XCConfigurationList;
			buildConfigurations = (
				AB1167EB29C6742E00B99610 /* Debug */,
				AB1167EC29C6742E00B99610 /* Release */,
			);
			defaultConfigurationIsVisible = 0;
			defaultConfigurationName = Release;
		};
/* End XCConfigurationList section */
	};
	rootObject = AB1167CE29C6742C00B99610 /* Project object */;
}
